// !$*UTF8*$!
{
	archiveVersion = 1;
	classes = {
	};
	objectVersion = 46;
	objects = {

/* Begin PBXBuildFile section */
		A6520CFD1F2BAF8F00D62E09 /* RegistrationController+Components+Handlers.swift in Sources */ = {isa = PBXBuildFile; fileRef = A6520CFC1F2BAF8F00D62E09 /* RegistrationController+Components+Handlers.swift */; };
		A69563FC1F28CDB300D312BA /* AppDelegate.swift in Sources */ = {isa = PBXBuildFile; fileRef = A69563FB1F28CDB300D312BA /* AppDelegate.swift */; };
		A69563FE1F28CDB300D312BA /* ViewController.swift in Sources */ = {isa = PBXBuildFile; fileRef = A69563FD1F28CDB300D312BA /* ViewController.swift */; };
		A69564011F28CDB300D312BA /* Main.storyboard in Resources */ = {isa = PBXBuildFile; fileRef = A69563FF1F28CDB300D312BA /* Main.storyboard */; };
		A69564031F28CDB300D312BA /* Assets.xcassets in Resources */ = {isa = PBXBuildFile; fileRef = A69564021F28CDB300D312BA /* Assets.xcassets */; };
		A69564061F28CDB300D312BA /* LaunchScreen.storyboard in Resources */ = {isa = PBXBuildFile; fileRef = A69564041F28CDB300D312BA /* LaunchScreen.storyboard */; };
		A69564101F28FA7D00D312BA /* GetStartedLoginController.swift in Sources */ = {isa = PBXBuildFile; fileRef = A695640F1F28FA7D00D312BA /* GetStartedLoginController.swift */; };
		A69564161F29462000D312BA /* RegistrationController.swift in Sources */ = {isa = PBXBuildFile; fileRef = A69564151F29462000D312BA /* RegistrationController.swift */; };
/* End PBXBuildFile section */

/* Begin PBXFileReference section */
		A6520CFC1F2BAF8F00D62E09 /* RegistrationController+Components+Handlers.swift */ = {isa = PBXFileReference; fileEncoding = 4; lastKnownFileType = sourcecode.swift; path = "RegistrationController+Components+Handlers.swift"; sourceTree = "<group>"; };
		A69563F81F28CDB300D312BA /* Alat_V2.app */ = {isa = PBXFileReference; explicitFileType = wrapper.application; includeInIndex = 0; path = Alat_V2.app; sourceTree = BUILT_PRODUCTS_DIR; };
		A69563FB1F28CDB300D312BA /* AppDelegate.swift */ = {isa = PBXFileReference; lastKnownFileType = sourcecode.swift; path = AppDelegate.swift; sourceTree = "<group>"; };
		A69563FD1F28CDB300D312BA /* ViewController.swift */ = {isa = PBXFileReference; lastKnownFileType = sourcecode.swift; path = ViewController.swift; sourceTree = "<group>"; };
		A69564001F28CDB300D312BA /* Base */ = {isa = PBXFileReference; lastKnownFileType = file.storyboard; name = Base; path = Base.lproj/Main.storyboard; sourceTree = "<group>"; };
		A69564021F28CDB300D312BA /* Assets.xcassets */ = {isa = PBXFileReference; lastKnownFileType = folder.assetcatalog; path = Assets.xcassets; sourceTree = "<group>"; };
		A69564051F28CDB300D312BA /* Base */ = {isa = PBXFileReference; lastKnownFileType = file.storyboard; name = Base; path = Base.lproj/LaunchScreen.storyboard; sourceTree = "<group>"; };
		A69564071F28CDB300D312BA /* Info.plist */ = {isa = PBXFileReference; lastKnownFileType = text.plist.xml; path = Info.plist; sourceTree = "<group>"; };
		A695640F1F28FA7D00D312BA /* GetStartedLoginController.swift */ = {isa = PBXFileReference; fileEncoding = 4; lastKnownFileType = sourcecode.swift; path = GetStartedLoginController.swift; sourceTree = "<group>"; };
		A69564151F29462000D312BA /* RegistrationController.swift */ = {isa = PBXFileReference; fileEncoding = 4; lastKnownFileType = sourcecode.swift; path = RegistrationController.swift; sourceTree = "<group>"; };
/* End PBXFileReference section */

/* Begin PBXFrameworksBuildPhase section */
		A69563F51F28CDB300D312BA /* Frameworks */ = {
			isa = PBXFrameworksBuildPhase;
			buildActionMask = 2147483647;
			files = (
			);
			runOnlyForDeploymentPostprocessing = 0;
		};
/* End PBXFrameworksBuildPhase section */

/* Begin PBXGroup section */
		A69563EF1F28CDB300D312BA = {
			isa = PBXGroup;
			children = (
				A69563FA1F28CDB300D312BA /* Alat_V2 */,
				A69563F91F28CDB300D312BA /* Products */,
			);
			sourceTree = "<group>";
		};
		A69563F91F28CDB300D312BA /* Products */ = {
			isa = PBXGroup;
			children = (
				A69563F81F28CDB300D312BA /* Alat_V2.app */,
			);
			name = Products;
			sourceTree = "<group>";
		};
		A69563FA1F28CDB300D312BA /* Alat_V2 */ = {
			isa = PBXGroup;
			children = (
				A69564141F2945D500D312BA /* Controller */,
				A69563FF1F28CDB300D312BA /* Main.storyboard */,
				A69564021F28CDB300D312BA /* Assets.xcassets */,
				A69564041F28CDB300D312BA /* LaunchScreen.storyboard */,
				A69564071F28CDB300D312BA /* Info.plist */,
			);
			path = Alat_V2;
			sourceTree = "<group>";
		};
		A69564141F2945D500D312BA /* Controller */ = {
			isa = PBXGroup;
			children = (
				A69563FB1F28CDB300D312BA /* AppDelegate.swift */,
				A69563FD1F28CDB300D312BA /* ViewController.swift */,
				A695640F1F28FA7D00D312BA /* GetStartedLoginController.swift */,
				A69564151F29462000D312BA /* RegistrationController.swift */,
				A6520CFC1F2BAF8F00D62E09 /* RegistrationController+Components+Handlers.swift */,
			);
			name = Controller;
			sourceTree = "<group>";
		};
/* End PBXGroup section */

/* Begin PBXNativeTarget section */
		A69563F71F28CDB300D312BA /* Alat_V2 */ = {
			isa = PBXNativeTarget;
			buildConfigurationList = A695640A1F28CDB300D312BA /* Build configuration list for PBXNativeTarget "Alat_V2" */;
			buildPhases = (
				A69563F41F28CDB300D312BA /* Sources */,
				A69563F51F28CDB300D312BA /* Frameworks */,
				A69563F61F28CDB300D312BA /* Resources */,
			);
			buildRules = (
			);
			dependencies = (
			);
			name = Alat_V2;
			productName = Alat_V2;
			productReference = A69563F81F28CDB300D312BA /* Alat_V2.app */;
			productType = "com.apple.product-type.application";
		};
/* End PBXNativeTarget section */

/* Begin PBXProject section */
		A69563F01F28CDB300D312BA /* Project object */ = {
			isa = PBXProject;
			attributes = {
				LastSwiftUpdateCheck = 0830;
				LastUpgradeCheck = 0830;
				ORGANIZATIONNAME = Eva;
				TargetAttributes = {
					A69563F71F28CDB300D312BA = {
						CreatedOnToolsVersion = 8.3.2;
						DevelopmentTeam = UY35CPB83H;
						ProvisioningStyle = Automatic;
					};
				};
			};
			buildConfigurationList = A69563F31F28CDB300D312BA /* Build configuration list for PBXProject "Alat_V2" */;
			compatibilityVersion = "Xcode 3.2";
			developmentRegion = English;
			hasScannedForEncodings = 0;
			knownRegions = (
				en,
				Base,
			);
			mainGroup = A69563EF1F28CDB300D312BA;
			productRefGroup = A69563F91F28CDB300D312BA /* Products */;
			projectDirPath = "";
			projectRoot = "";
			targets = (
				A69563F71F28CDB300D312BA /* Alat_V2 */,
			);
		};
/* End PBXProject section */

/* Begin PBXResourcesBuildPhase section */
		A69563F61F28CDB300D312BA /* Resources */ = {
			isa = PBXResourcesBuildPhase;
			buildActionMask = 2147483647;
			files = (
				A69564061F28CDB300D312BA /* LaunchScreen.storyboard in Resources */,
				A69564031F28CDB300D312BA /* Assets.xcassets in Resources */,
				A69564011F28CDB300D312BA /* Main.storyboard in Resources */,
			);
			runOnlyForDeploymentPostprocessing = 0;
		};
/* End PBXResourcesBuildPhase section */

/* Begin PBXSourcesBuildPhase section */
		A69563F41F28CDB300D312BA /* Sources */ = {
			isa = PBXSourcesBuildPhase;
			buildActionMask = 2147483647;
			files = (
				A69563FE1F28CDB300D312BA /* ViewController.swift in Sources */,
				A69563FC1F28CDB300D312BA /* AppDelegate.swift in Sources */,
				A6520CFD1F2BAF8F00D62E09 /* RegistrationController+Components+Handlers.swift in Sources */,
				A69564161F29462000D312BA /* RegistrationController.swift in Sources */,
				A69564101F28FA7D00D312BA /* GetStartedLoginController.swift in Sources */,
			);
			runOnlyForDeploymentPostprocessing = 0;
		};
/* End PBXSourcesBuildPhase section */

/* Begin PBXVariantGroup section */
		A69563FF1F28CDB300D312BA /* Main.storyboard */ = {
			isa = PBXVariantGroup;
			children = (
				A69564001F28CDB300D312BA /* Base */,
			);
			name = Main.storyboard;
			sourceTree = "<group>";
		};
		A69564041F28CDB300D312BA /* LaunchScreen.storyboard */ = {
			isa = PBXVariantGroup;
			children = (
				A69564051F28CDB300D312BA /* Base */,
			);
			name = LaunchScreen.storyboard;
			sourceTree = "<group>";
		};
/* End PBXVariantGroup section */

/* Begin XCBuildConfiguration section */
		A69564081F28CDB300D312BA /* Debug */ = {
			isa = XCBuildConfiguration;
			buildSettings = {
				ALWAYS_SEARCH_USER_PATHS = NO;
				CLANG_ANALYZER_NONNULL = YES;
				CLANG_ANALYZER_NUMBER_OBJECT_CONVERSION = YES_AGGRESSIVE;
				CLANG_CXX_LANGUAGE_STANDARD = "gnu++0x";
				CLANG_CXX_LIBRARY = "libc++";
				CLANG_ENABLE_MODULES = YES;
				CLANG_ENABLE_OBJC_ARC = YES;
				CLANG_WARN_BOOL_CONVERSION = YES;
				CLANG_WARN_CONSTANT_CONVERSION = YES;
				CLANG_WARN_DIRECT_OBJC_ISA_USAGE = YES_ERROR;
				CLANG_WARN_DOCUMENTATION_COMMENTS = YES;
				CLANG_WARN_EMPTY_BODY = YES;
				CLANG_WARN_ENUM_CONVERSION = YES;
				CLANG_WARN_INFINITE_RECURSION = YES;
				CLANG_WARN_INT_CONVERSION = YES;
				CLANG_WARN_OBJC_ROOT_CLASS = YES_ERROR;
				CLANG_WARN_SUSPICIOUS_MOVE = YES;
				CLANG_WARN_UNREACHABLE_CODE = YES;
				CLANG_WARN__DUPLICATE_METHOD_MATCH = YES;
				"CODE_SIGN_IDENTITY[sdk=iphoneos*]" = "iPhone Developer";
				COPY_PHASE_STRIP = NO;
				DEBUG_INFORMATION_FORMAT = dwarf;
				ENABLE_STRICT_OBJC_MSGSEND = YES;
				ENABLE_TESTABILITY = YES;
				GCC_C_LANGUAGE_STANDARD = gnu99;
				GCC_DYNAMIC_NO_PIC = NO;
				GCC_NO_COMMON_BLOCKS = YES;
				GCC_OPTIMIZATION_LEVEL = 0;
				GCC_PREPROCESSOR_DEFINITIONS = (
					"DEBUG=1",
					"$(inherited)",
				);
				GCC_WARN_64_TO_32_BIT_CONVERSION = YES;
				GCC_WARN_ABOUT_RETURN_TYPE = YES_ERROR;
				GCC_WARN_UNDECLARED_SELECTOR = YES;
				GCC_WARN_UNINITIALIZED_AUTOS = YES_AGGRESSIVE;
				GCC_WARN_UNUSED_FUNCTION = YES;
				GCC_WARN_UNUSED_VARIABLE = YES;
				IPHONEOS_DEPLOYMENT_TARGET = 10.3;
				MTL_ENABLE_DEBUG_INFO = YES;
				ONLY_ACTIVE_ARCH = YES;
				SDKROOT = iphoneos;
				SWIFT_ACTIVE_COMPILATION_CONDITIONS = DEBUG;
				SWIFT_OPTIMIZATION_LEVEL = "-Onone";
				TARGETED_DEVICE_FAMILY = "1,2";
			};
			name = Debug;
		};
		A69564091F28CDB300D312BA /* Release */ = {
			isa = XCBuildConfiguration;
			buildSettings = {
				ALWAYS_SEARCH_USER_PATHS = NO;
				CLANG_ANALYZER_NONNULL = YES;
				CLANG_ANALYZER_NUMBER_OBJECT_CONVERSION = YES_AGGRESSIVE;
				CLANG_CXX_LANGUAGE_STANDARD = "gnu++0x";
				CLANG_CXX_LIBRARY = "libc++";
				CLANG_ENABLE_MODULES = YES;
				CLANG_ENABLE_OBJC_ARC = YES;
				CLANG_WARN_BOOL_CONVERSION = YES;
				CLANG_WARN_CONSTANT_CONVERSION = YES;
				CLANG_WARN_DIRECT_OBJC_ISA_USAGE = YES_ERROR;
				CLANG_WARN_DOCUMENTATION_COMMENTS = YES;
				CLANG_WARN_EMPTY_BODY = YES;
				CLANG_WARN_ENUM_CONVERSION = YES;
				CLANG_WARN_INFINITE_RECURSION = YES;
				CLANG_WARN_INT_CONVERSION = YES;
				CLANG_WARN_OBJC_ROOT_CLASS = YES_ERROR;
				CLANG_WARN_SUSPICIOUS_MOVE = YES;
				CLANG_WARN_UNREACHABLE_CODE = YES;
				CLANG_WARN__DUPLICATE_METHOD_MATCH = YES;
				"CODE_SIGN_IDENTITY[sdk=iphoneos*]" = "iPhone Developer";
				COPY_PHASE_STRIP = NO;
				DEBUG_INFORMATION_FORMAT = "dwarf-with-dsym";
				ENABLE_NS_ASSERTIONS = NO;
				ENABLE_STRICT_OBJC_MSGSEND = YES;
				GCC_C_LANGUAGE_STANDARD = gnu99;
				GCC_NO_COMMON_BLOCKS = YES;
				GCC_WARN_64_TO_32_BIT_CONVERSION = YES;
				GCC_WARN_ABOUT_RETURN_TYPE = YES_ERROR;
				GCC_WARN_UNDECLARED_SELECTOR = YES;
				GCC_WARN_UNINITIALIZED_AUTOS = YES_AGGRESSIVE;
				GCC_WARN_UNUSED_FUNCTION = YES;
				GCC_WARN_UNUSED_VARIABLE = YES;
				IPHONEOS_DEPLOYMENT_TARGET = 10.3;
				MTL_ENABLE_DEBUG_INFO = NO;
				SDKROOT = iphoneos;
				SWIFT_OPTIMIZATION_LEVEL = "-Owholemodule";
				TARGETED_DEVICE_FAMILY = "1,2";
				VALIDATE_PRODUCT = YES;
			};
			name = Release;
		};
		A695640B1F28CDB300D312BA /* Debug */ = {
			isa = XCBuildConfiguration;
			buildSettings = {
				ASSETCATALOG_COMPILER_APPICON_NAME = AppIcon;
				DEVELOPMENT_TEAM = UY35CPB83H;
				INFOPLIST_FILE = Alat_V2/Info.plist;
				LD_RUNPATH_SEARCH_PATHS = "$(inherited) @executable_path/Frameworks";
				PRODUCT_BUNDLE_IDENTIFIER = "com.eva.Eva.Alat-V2";
				PRODUCT_NAME = "$(TARGET_NAME)";
				SWIFT_VERSION = 3.0;
			};
			name = Debug;
		};
		A695640C1F28CDB300D312BA /* Release */ = {
			isa = XCBuildConfiguration;
			buildSettings = {
				ASSETCATALOG_COMPILER_APPICON_NAME = AppIcon;
				DEVELOPMENT_TEAM = UY35CPB83H;
				INFOPLIST_FILE = Alat_V2/Info.plist;
				LD_RUNPATH_SEARCH_PATHS = "$(inherited) @executable_path/Frameworks";
				PRODUCT_BUNDLE_IDENTIFIER = "com.eva.Eva.Alat-V2";
				PRODUCT_NAME = "$(TARGET_NAME)";
				SWIFT_VERSION = 3.0;
			};
			name = Release;
		};
/* End XCBuildConfiguration section */

/* Begin XCConfigurationList section */
		A69563F31F28CDB300D312BA /* Build configuration list for PBXProject "Alat_V2" */ = {
			isa = XCConfigurationList;
			buildConfigurations = (
				A69564081F28CDB300D312BA /* Debug */,
				A69564091F28CDB300D312BA /* Release */,
			);
			defaultConfigurationIsVisible = 0;
			defaultConfigurationName = Release;
		};
		A695640A1F28CDB300D312BA /* Build configuration list for PBXNativeTarget "Alat_V2" */ = {
			isa = XCConfigurationList;
			buildConfigurations = (
				A695640B1F28CDB300D312BA /* Debug */,
				A695640C1F28CDB300D312BA /* Release */,
			);
			defaultConfigurationIsVisible = 0;
			defaultConfigurationName = Release;
		};
/* End XCConfigurationList section */
	};
	rootObject = A69563F01F28CDB300D312BA /* Project object */;
}
